// !$*UTF8*$!
{
	archiveVersion = 1;
	classes = {
	};
	objectVersion = 50;
	objects = {

/* Begin PBXBuildFile section */
		AF5701BB2342A6F400542D55 /* hiit_example_sample.mp4 in Resources */ = {isa = PBXBuildFile; fileRef = AF5701BA2342A6F400542D55 /* hiit_example_sample.mp4 */; };
		AFAB86D72342C4FA00FA8B6C /* ColorExtension.swift in Sources */ = {isa = PBXBuildFile; fileRef = AFAB86D62342C4FA00FA8B6C /* ColorExtension.swift */; };
		AFAB86DD2342C71600FA8B6C /* Rubik-Black.ttf in Resources */ = {isa = PBXBuildFile; fileRef = AFAB86D82342C70E00FA8B6C /* Rubik-Black.ttf */; };
		AFAB86DE2342C71600FA8B6C /* Rubik-Bold.ttf in Resources */ = {isa = PBXBuildFile; fileRef = AFAB86D92342C70E00FA8B6C /* Rubik-Bold.ttf */; };
		AFAB86DF2342C71600FA8B6C /* Rubik-Light.ttf in Resources */ = {isa = PBXBuildFile; fileRef = AFAB86DB2342C70E00FA8B6C /* Rubik-Light.ttf */; };
		AFAB86E02342C71600FA8B6C /* Rubik-Medium.ttf in Resources */ = {isa = PBXBuildFile; fileRef = AFAB86DA2342C70E00FA8B6C /* Rubik-Medium.ttf */; };
		AFAB86E12342C71600FA8B6C /* Rubik-Regular.ttf in Resources */ = {isa = PBXBuildFile; fileRef = AFAB86DC2342C70E00FA8B6C /* Rubik-Regular.ttf */; };
		AFAB86E4234418F600FA8B6C /* WorkoutPlayer.swift in Sources */ = {isa = PBXBuildFile; fileRef = AFAB86E3234418F600FA8B6C /* WorkoutPlayer.swift */; };
		AFAB86E6234427F100FA8B6C /* WorkoutInstructorView.swift in Sources */ = {isa = PBXBuildFile; fileRef = AFAB86E5234427F100FA8B6C /* WorkoutInstructorView.swift */; };
		AFAB86EA2344290100FA8B6C /* WorkoutCameraView.swift in Sources */ = {isa = PBXBuildFile; fileRef = AFAB86E92344290100FA8B6C /* WorkoutCameraView.swift */; };
		AFAB86EC23442AAD00FA8B6C /* WorkoutStatsView.swift in Sources */ = {isa = PBXBuildFile; fileRef = AFAB86EB23442AAD00FA8B6C /* WorkoutStatsView.swift */; };
		AFAB86EE2345836E00FA8B6C /* ImagePicker.swift in Sources */ = {isa = PBXBuildFile; fileRef = AFAB86ED2345836E00FA8B6C /* ImagePicker.swift */; };
		AFAB86F02345876F00FA8B6C /* PhotoCaptureView.swift in Sources */ = {isa = PBXBuildFile; fileRef = AFAB86EF2345876F00FA8B6C /* PhotoCaptureView.swift */; };
		AFAB86F32346D12E00FA8B6C /* WorkoutView.swift in Sources */ = {isa = PBXBuildFile; fileRef = AFAB86F22346D12E00FA8B6C /* WorkoutView.swift */; };
		AFEB64E42336BEE3008B32AA /* AppDelegate.swift in Sources */ = {isa = PBXBuildFile; fileRef = AFEB64E32336BEE3008B32AA /* AppDelegate.swift */; };
		AFEB64E62336BEE3008B32AA /* SceneDelegate.swift in Sources */ = {isa = PBXBuildFile; fileRef = AFEB64E52336BEE3008B32AA /* SceneDelegate.swift */; };
		AFEB64E82336BEE3008B32AA /* ContentView.swift in Sources */ = {isa = PBXBuildFile; fileRef = AFEB64E72336BEE3008B32AA /* ContentView.swift */; };
		AFEB64EA2336BEE4008B32AA /* Assets.xcassets in Resources */ = {isa = PBXBuildFile; fileRef = AFEB64E92336BEE4008B32AA /* Assets.xcassets */; };
		AFEB64ED2336BEE4008B32AA /* Preview Assets.xcassets in Resources */ = {isa = PBXBuildFile; fileRef = AFEB64EC2336BEE4008B32AA /* Preview Assets.xcassets */; };
		AFEB64F02336BEE4008B32AA /* LaunchScreen.storyboard in Resources */ = {isa = PBXBuildFile; fileRef = AFEB64EE2336BEE4008B32AA /* LaunchScreen.storyboard */; };
/* End PBXBuildFile section */

/* Begin PBXFileReference section */
		AF5701BA2342A6F400542D55 /* hiit_example_sample.mp4 */ = {isa = PBXFileReference; lastKnownFileType = file; path = hiit_example_sample.mp4; sourceTree = "<group>"; };
		AFAB86D62342C4FA00FA8B6C /* ColorExtension.swift */ = {isa = PBXFileReference; lastKnownFileType = sourcecode.swift; path = ColorExtension.swift; sourceTree = "<group>"; };
		AFAB86D82342C70E00FA8B6C /* Rubik-Black.ttf */ = {isa = PBXFileReference; lastKnownFileType = file; path = "Rubik-Black.ttf"; sourceTree = "<group>"; };
		AFAB86D92342C70E00FA8B6C /* Rubik-Bold.ttf */ = {isa = PBXFileReference; lastKnownFileType = file; path = "Rubik-Bold.ttf"; sourceTree = "<group>"; };
		AFAB86DA2342C70E00FA8B6C /* Rubik-Medium.ttf */ = {isa = PBXFileReference; lastKnownFileType = file; path = "Rubik-Medium.ttf"; sourceTree = "<group>"; };
		AFAB86DB2342C70E00FA8B6C /* Rubik-Light.ttf */ = {isa = PBXFileReference; lastKnownFileType = file; path = "Rubik-Light.ttf"; sourceTree = "<group>"; };
		AFAB86DC2342C70E00FA8B6C /* Rubik-Regular.ttf */ = {isa = PBXFileReference; lastKnownFileType = file; path = "Rubik-Regular.ttf"; sourceTree = "<group>"; };
		AFAB86E3234418F600FA8B6C /* WorkoutPlayer.swift */ = {isa = PBXFileReference; lastKnownFileType = sourcecode.swift; path = WorkoutPlayer.swift; sourceTree = "<group>"; };
		AFAB86E5234427F100FA8B6C /* WorkoutInstructorView.swift */ = {isa = PBXFileReference; lastKnownFileType = sourcecode.swift; path = WorkoutInstructorView.swift; sourceTree = "<group>"; };
		AFAB86E92344290100FA8B6C /* WorkoutCameraView.swift */ = {isa = PBXFileReference; lastKnownFileType = sourcecode.swift; path = WorkoutCameraView.swift; sourceTree = "<group>"; };
		AFAB86EB23442AAD00FA8B6C /* WorkoutStatsView.swift */ = {isa = PBXFileReference; lastKnownFileType = sourcecode.swift; path = WorkoutStatsView.swift; sourceTree = "<group>"; };
		AFAB86ED2345836E00FA8B6C /* ImagePicker.swift */ = {isa = PBXFileReference; lastKnownFileType = sourcecode.swift; path = ImagePicker.swift; sourceTree = "<group>"; };
		AFAB86EF2345876F00FA8B6C /* PhotoCaptureView.swift */ = {isa = PBXFileReference; lastKnownFileType = sourcecode.swift; path = PhotoCaptureView.swift; sourceTree = "<group>"; };
		AFAB86F22346D12E00FA8B6C /* WorkoutView.swift */ = {isa = PBXFileReference; lastKnownFileType = sourcecode.swift; path = WorkoutView.swift; sourceTree = "<group>"; };
		AFEB64E02336BEE3008B32AA /* GymJamOne.app */ = {isa = PBXFileReference; explicitFileType = wrapper.application; includeInIndex = 0; path = GymJamOne.app; sourceTree = BUILT_PRODUCTS_DIR; };
		AFEB64E32336BEE3008B32AA /* AppDelegate.swift */ = {isa = PBXFileReference; lastKnownFileType = sourcecode.swift; path = AppDelegate.swift; sourceTree = "<group>"; };
		AFEB64E52336BEE3008B32AA /* SceneDelegate.swift */ = {isa = PBXFileReference; lastKnownFileType = sourcecode.swift; path = SceneDelegate.swift; sourceTree = "<group>"; };
		AFEB64E72336BEE3008B32AA /* ContentView.swift */ = {isa = PBXFileReference; lastKnownFileType = sourcecode.swift; path = ContentView.swift; sourceTree = "<group>"; };
		AFEB64E92336BEE4008B32AA /* Assets.xcassets */ = {isa = PBXFileReference; lastKnownFileType = folder.assetcatalog; path = Assets.xcassets; sourceTree = "<group>"; };
		AFEB64EC2336BEE4008B32AA /* Preview Assets.xcassets */ = {isa = PBXFileReference; lastKnownFileType = folder.assetcatalog; path = "Preview Assets.xcassets"; sourceTree = "<group>"; };
		AFEB64EF2336BEE4008B32AA /* Base */ = {isa = PBXFileReference; lastKnownFileType = file.storyboard; name = Base; path = Base.lproj/LaunchScreen.storyboard; sourceTree = "<group>"; };
		AFEB64F12336BEE4008B32AA /* Info.plist */ = {isa = PBXFileReference; lastKnownFileType = text.plist.xml; path = Info.plist; sourceTree = "<group>"; };
/* End PBXFileReference section */

/* Begin PBXFrameworksBuildPhase section */
		AFEB64DD2336BEE3008B32AA /* Frameworks */ = {
			isa = PBXFrameworksBuildPhase;
			buildActionMask = 2147483647;
			files = (
			);
			runOnlyForDeploymentPostprocessing = 0;
		};
/* End PBXFrameworksBuildPhase section */

/* Begin PBXGroup section */
		AFAB86E22342C71F00FA8B6C /* Fonts */ = {
			isa = PBXGroup;
			children = (
				AFAB86D82342C70E00FA8B6C /* Rubik-Black.ttf */,
				AFAB86D92342C70E00FA8B6C /* Rubik-Bold.ttf */,
				AFAB86DB2342C70E00FA8B6C /* Rubik-Light.ttf */,
				AFAB86DA2342C70E00FA8B6C /* Rubik-Medium.ttf */,
				AFAB86DC2342C70E00FA8B6C /* Rubik-Regular.ttf */,
			);
			path = Fonts;
			sourceTree = "<group>";
		};
		AFAB86F1234590CD00FA8B6C /* Workout */ = {
			isa = PBXGroup;
			children = (
				AFAB86F22346D12E00FA8B6C /* WorkoutView.swift */,
				AFAB86E3234418F600FA8B6C /* WorkoutPlayer.swift */,
				AFAB86E5234427F100FA8B6C /* WorkoutInstructorView.swift */,
				AFAB86E92344290100FA8B6C /* WorkoutCameraView.swift */,
				AFAB86ED2345836E00FA8B6C /* ImagePicker.swift */,
				AFAB86EF2345876F00FA8B6C /* PhotoCaptureView.swift */,
				AFAB86EB23442AAD00FA8B6C /* WorkoutStatsView.swift */,
			);
			path = Workout;
			sourceTree = "<group>";
		};
		AFEB64D72336BEE3008B32AA = {
			isa = PBXGroup;
			children = (
				AFEB64E22336BEE3008B32AA /* GymJamOne */,
				AFEB64E12336BEE3008B32AA /* Products */,
			);
			sourceTree = "<group>";
		};
		AFEB64E12336BEE3008B32AA /* Products */ = {
			isa = PBXGroup;
			children = (
				AFEB64E02336BEE3008B32AA /* GymJamOne.app */,
			);
			name = Products;
			sourceTree = "<group>";
		};
		AFEB64E22336BEE3008B32AA /* GymJamOne */ = {
			isa = PBXGroup;
			children = (
				AF5701BA2342A6F400542D55 /* hiit_example_sample.mp4 */,
				AFEB64E32336BEE3008B32AA /* AppDelegate.swift */,
				AFEB64E52336BEE3008B32AA /* SceneDelegate.swift */,
				AFEB64E72336BEE3008B32AA /* ContentView.swift */,
				AFAB86F1234590CD00FA8B6C /* Workout */,
				AFAB86D62342C4FA00FA8B6C /* ColorExtension.swift */,
				AFEB64E92336BEE4008B32AA /* Assets.xcassets */,
				AFEB64EE2336BEE4008B32AA /* LaunchScreen.storyboard */,
				AFAB86E22342C71F00FA8B6C /* Fonts */,
				AFEB64F12336BEE4008B32AA /* Info.plist */,
				AFEB64EB2336BEE4008B32AA /* Preview Content */,
			);
			path = GymJamOne;
			sourceTree = "<group>";
		};
		AFEB64EB2336BEE4008B32AA /* Preview Content */ = {
			isa = PBXGroup;
			children = (
				AFEB64EC2336BEE4008B32AA /* Preview Assets.xcassets */,
			);
			path = "Preview Content";
			sourceTree = "<group>";
		};
/* End PBXGroup section */

/* Begin PBXNativeTarget section */
		AFEB64DF2336BEE3008B32AA /* GymJamOne */ = {
			isa = PBXNativeTarget;
			buildConfigurationList = AFEB64F42336BEE4008B32AA /* Build configuration list for PBXNativeTarget "GymJamOne" */;
			buildPhases = (
				AFEB64DC2336BEE3008B32AA /* Sources */,
				AFEB64DD2336BEE3008B32AA /* Frameworks */,
				AFEB64DE2336BEE3008B32AA /* Resources */,
			);
			buildRules = (
			);
			dependencies = (
			);
			name = GymJamOne;
			productName = GymJamOne;
			productReference = AFEB64E02336BEE3008B32AA /* GymJamOne.app */;
			productType = "com.apple.product-type.application";
		};
/* End PBXNativeTarget section */

/* Begin PBXProject section */
		AFEB64D82336BEE3008B32AA /* Project object */ = {
			isa = PBXProject;
			attributes = {
				LastSwiftUpdateCheck = 1100;
				LastUpgradeCheck = 1100;
				ORGANIZATIONNAME = GymJam;
				TargetAttributes = {
					AFEB64DF2336BEE3008B32AA = {
						CreatedOnToolsVersion = 11.0;
					};
				};
			};
			buildConfigurationList = AFEB64DB2336BEE3008B32AA /* Build configuration list for PBXProject "GymJamOne" */;
			compatibilityVersion = "Xcode 9.3";
			developmentRegion = en;
			hasScannedForEncodings = 0;
			knownRegions = (
				en,
				Base,
			);
			mainGroup = AFEB64D72336BEE3008B32AA;
			productRefGroup = AFEB64E12336BEE3008B32AA /* Products */;
			projectDirPath = "";
			projectRoot = "";
			targets = (
				AFEB64DF2336BEE3008B32AA /* GymJamOne */,
			);
		};
/* End PBXProject section */

/* Begin PBXResourcesBuildPhase section */
		AFEB64DE2336BEE3008B32AA /* Resources */ = {
			isa = PBXResourcesBuildPhase;
			buildActionMask = 2147483647;
			files = (
				AFAB86DD2342C71600FA8B6C /* Rubik-Black.ttf in Resources */,
				AF5701BB2342A6F400542D55 /* hiit_example_sample.mp4 in Resources */,
				AFAB86E12342C71600FA8B6C /* Rubik-Regular.ttf in Resources */,
				AFEB64F02336BEE4008B32AA /* LaunchScreen.storyboard in Resources */,
				AFAB86DE2342C71600FA8B6C /* Rubik-Bold.ttf in Resources */,
				AFAB86DF2342C71600FA8B6C /* Rubik-Light.ttf in Resources */,
				AFAB86E02342C71600FA8B6C /* Rubik-Medium.ttf in Resources */,
				AFEB64ED2336BEE4008B32AA /* Preview Assets.xcassets in Resources */,
				AFEB64EA2336BEE4008B32AA /* Assets.xcassets in Resources */,
			);
			runOnlyForDeploymentPostprocessing = 0;
		};
/* End PBXResourcesBuildPhase section */

/* Begin PBXSourcesBuildPhase section */
		AFEB64DC2336BEE3008B32AA /* Sources */ = {
			isa = PBXSourcesBuildPhase;
			buildActionMask = 2147483647;
			files = (
				AFAB86F32346D12E00FA8B6C /* WorkoutView.swift in Sources */,
				AFAB86EA2344290100FA8B6C /* WorkoutCameraView.swift in Sources */,
				AFEB64E42336BEE3008B32AA /* AppDelegate.swift in Sources */,
				AFAB86E4234418F600FA8B6C /* WorkoutPlayer.swift in Sources */,
				AFAB86EE2345836E00FA8B6C /* ImagePicker.swift in Sources */,
				AFAB86F02345876F00FA8B6C /* PhotoCaptureView.swift in Sources */,
				AFEB64E62336BEE3008B32AA /* SceneDelegate.swift in Sources */,
				AFAB86E6234427F100FA8B6C /* WorkoutInstructorView.swift in Sources */,
				AFEB64E82336BEE3008B32AA /* ContentView.swift in Sources */,
				AFAB86EC23442AAD00FA8B6C /* WorkoutStatsView.swift in Sources */,
				AFAB86D72342C4FA00FA8B6C /* ColorExtension.swift in Sources */,
			);
			runOnlyForDeploymentPostprocessing = 0;
		};
/* End PBXSourcesBuildPhase section */

/* Begin PBXVariantGroup section */
		AFEB64EE2336BEE4008B32AA /* LaunchScreen.storyboard */ = {
			isa = PBXVariantGroup;
			children = (
				AFEB64EF2336BEE4008B32AA /* Base */,
			);
			name = LaunchScreen.storyboard;
			sourceTree = "<group>";
		};
/* End PBXVariantGroup section */

/* Begin XCBuildConfiguration section */
		AFEB64F22336BEE4008B32AA /* Debug */ = {
			isa = XCBuildConfiguration;
			buildSettings = {
				ALWAYS_SEARCH_USER_PATHS = NO;
				CLANG_ANALYZER_NONNULL = YES;
				CLANG_ANALYZER_NUMBER_OBJECT_CONVERSION = YES_AGGRESSIVE;
				CLANG_CXX_LANGUAGE_STANDARD = "gnu++14";
				CLANG_CXX_LIBRARY = "libc++";
				CLANG_ENABLE_MODULES = YES;
				CLANG_ENABLE_OBJC_ARC = YES;
				CLANG_ENABLE_OBJC_WEAK = YES;
				CLANG_WARN_BLOCK_CAPTURE_AUTORELEASING = YES;
				CLANG_WARN_BOOL_CONVERSION = YES;
				CLANG_WARN_COMMA = YES;
				CLANG_WARN_CONSTANT_CONVERSION = YES;
				CLANG_WARN_DEPRECATED_OBJC_IMPLEMENTATIONS = YES;
				CLANG_WARN_DIRECT_OBJC_ISA_USAGE = YES_ERROR;
				CLANG_WARN_DOCUMENTATION_COMMENTS = YES;
				CLANG_WARN_EMPTY_BODY = YES;
				CLANG_WARN_ENUM_CONVERSION = YES;
				CLANG_WARN_INFINITE_RECURSION = YES;
				CLANG_WARN_INT_CONVERSION = YES;
				CLANG_WARN_NON_LITERAL_NULL_CONVERSION = YES;
				CLANG_WARN_OBJC_IMPLICIT_RETAIN_SELF = YES;
				CLANG_WARN_OBJC_LITERAL_CONVERSION = YES;
				CLANG_WARN_OBJC_ROOT_CLASS = YES_ERROR;
				CLANG_WARN_RANGE_LOOP_ANALYSIS = YES;
				CLANG_WARN_STRICT_PROTOTYPES = YES;
				CLANG_WARN_SUSPICIOUS_MOVE = YES;
				CLANG_WARN_UNGUARDED_AVAILABILITY = YES_AGGRESSIVE;
				CLANG_WARN_UNREACHABLE_CODE = YES;
				CLANG_WARN__DUPLICATE_METHOD_MATCH = YES;
				COPY_PHASE_STRIP = NO;
				DEBUG_INFORMATION_FORMAT = dwarf;
				ENABLE_STRICT_OBJC_MSGSEND = YES;
				ENABLE_TESTABILITY = YES;
				GCC_C_LANGUAGE_STANDARD = gnu11;
				GCC_DYNAMIC_NO_PIC = NO;
				GCC_NO_COMMON_BLOCKS = YES;
				GCC_OPTIMIZATION_LEVEL = 0;
				GCC_PREPROCESSOR_DEFINITIONS = (
					"DEBUG=1",
					"$(inherited)",
				);
				GCC_WARN_64_TO_32_BIT_CONVERSION = YES;
				GCC_WARN_ABOUT_RETURN_TYPE = YES_ERROR;
				GCC_WARN_UNDECLARED_SELECTOR = YES;
				GCC_WARN_UNINITIALIZED_AUTOS = YES_AGGRESSIVE;
				GCC_WARN_UNUSED_FUNCTION = YES;
				GCC_WARN_UNUSED_VARIABLE = YES;
				IPHONEOS_DEPLOYMENT_TARGET = 13.0;
				MTL_ENABLE_DEBUG_INFO = INCLUDE_SOURCE;
				MTL_FAST_MATH = YES;
				ONLY_ACTIVE_ARCH = YES;
				SDKROOT = iphoneos;
				SWIFT_ACTIVE_COMPILATION_CONDITIONS = DEBUG;
				SWIFT_OPTIMIZATION_LEVEL = "-Onone";
			};
			name = Debug;
		};
		AFEB64F32336BEE4008B32AA /* Release */ = {
			isa = XCBuildConfiguration;
			buildSettings = {
				ALWAYS_SEARCH_USER_PATHS = NO;
				CLANG_ANALYZER_NONNULL = YES;
				CLANG_ANALYZER_NUMBER_OBJECT_CONVERSION = YES_AGGRESSIVE;
				CLANG_CXX_LANGUAGE_STANDARD = "gnu++14";
				CLANG_CXX_LIBRARY = "libc++";
				CLANG_ENABLE_MODULES = YES;
				CLANG_ENABLE_OBJC_ARC = YES;
				CLANG_ENABLE_OBJC_WEAK = YES;
				CLANG_WARN_BLOCK_CAPTURE_AUTORELEASING = YES;
				CLANG_WARN_BOOL_CONVERSION = YES;
				CLANG_WARN_COMMA = YES;
				CLANG_WARN_CONSTANT_CONVERSION = YES;
				CLANG_WARN_DEPRECATED_OBJC_IMPLEMENTATIONS = YES;
				CLANG_WARN_DIRECT_OBJC_ISA_USAGE = YES_ERROR;
				CLANG_WARN_DOCUMENTATION_COMMENTS = YES;
				CLANG_WARN_EMPTY_BODY = YES;
				CLANG_WARN_ENUM_CONVERSION = YES;
				CLANG_WARN_INFINITE_RECURSION = YES;
				CLANG_WARN_INT_CONVERSION = YES;
				CLANG_WARN_NON_LITERAL_NULL_CONVERSION = YES;
				CLANG_WARN_OBJC_IMPLICIT_RETAIN_SELF = YES;
				CLANG_WARN_OBJC_LITERAL_CONVERSION = YES;
				CLANG_WARN_OBJC_ROOT_CLASS = YES_ERROR;
				CLANG_WARN_RANGE_LOOP_ANALYSIS = YES;
				CLANG_WARN_STRICT_PROTOTYPES = YES;
				CLANG_WARN_SUSPICIOUS_MOVE = YES;
				CLANG_WARN_UNGUARDED_AVAILABILITY = YES_AGGRESSIVE;
				CLANG_WARN_UNREACHABLE_CODE = YES;
				CLANG_WARN__DUPLICATE_METHOD_MATCH = YES;
				COPY_PHASE_STRIP = NO;
				DEBUG_INFORMATION_FORMAT = "dwarf-with-dsym";
				ENABLE_NS_ASSERTIONS = NO;
				ENABLE_STRICT_OBJC_MSGSEND = YES;
				GCC_C_LANGUAGE_STANDARD = gnu11;
				GCC_NO_COMMON_BLOCKS = YES;
				GCC_WARN_64_TO_32_BIT_CONVERSION = YES;
				GCC_WARN_ABOUT_RETURN_TYPE = YES_ERROR;
				GCC_WARN_UNDECLARED_SELECTOR = YES;
				GCC_WARN_UNINITIALIZED_AUTOS = YES_AGGRESSIVE;
				GCC_WARN_UNUSED_FUNCTION = YES;
				GCC_WARN_UNUSED_VARIABLE = YES;
				IPHONEOS_DEPLOYMENT_TARGET = 13.0;
				MTL_ENABLE_DEBUG_INFO = NO;
				MTL_FAST_MATH = YES;
				SDKROOT = iphoneos;
				SWIFT_COMPILATION_MODE = wholemodule;
				SWIFT_OPTIMIZATION_LEVEL = "-O";
				VALIDATE_PRODUCT = YES;
			};
			name = Release;
		};
		AFEB64F52336BEE4008B32AA /* Debug */ = {
			isa = XCBuildConfiguration;
			buildSettings = {
				ASSETCATALOG_COMPILER_APPICON_NAME = AppIcon;
				CODE_SIGN_STYLE = Automatic;
				DEVELOPMENT_ASSET_PATHS = "\"GymJamOne/Preview Content\"";
				DEVELOPMENT_TEAM = 7KP2V8DA69;
				ENABLE_PREVIEWS = YES;
				INFOPLIST_FILE = GymJamOne/Info.plist;
				LD_RUNPATH_SEARCH_PATHS = (
					"$(inherited)",
					"@executable_path/Frameworks",
				);
				PRODUCT_BUNDLE_IDENTIFIER = gymjam.GymJamOne;
				PRODUCT_NAME = "$(TARGET_NAME)";
				SWIFT_VERSION = 5.0;
				TARGETED_DEVICE_FAMILY = "1,2";
			};
			name = Debug;
		};
		AFEB64F62336BEE4008B32AA /* Release */ = {
			isa = XCBuildConfiguration;
			buildSettings = {
				ASSETCATALOG_COMPILER_APPICON_NAME = AppIcon;
				CODE_SIGN_STYLE = Automatic;
				DEVELOPMENT_ASSET_PATHS = "\"GymJamOne/Preview Content\"";
				DEVELOPMENT_TEAM = 7KP2V8DA69;
				ENABLE_PREVIEWS = YES;
				INFOPLIST_FILE = GymJamOne/Info.plist;
				LD_RUNPATH_SEARCH_PATHS = (
					"$(inherited)",
					"@executable_path/Frameworks",
				);
				PRODUCT_BUNDLE_IDENTIFIER = gymjam.GymJamOne;
				PRODUCT_NAME = "$(TARGET_NAME)";
				SWIFT_VERSION = 5.0;
				TARGETED_DEVICE_FAMILY = "1,2";
			};
			name = Release;
		};
/* End XCBuildConfiguration section */

/* Begin XCConfigurationList section */
		AFEB64DB2336BEE3008B32AA /* Build configuration list for PBXProject "GymJamOne" */ = {
			isa = XCConfigurationList;
			buildConfigurations = (
				AFEB64F22336BEE4008B32AA /* Debug */,
				AFEB64F32336BEE4008B32AA /* Release */,
			);
			defaultConfigurationIsVisible = 0;
			defaultConfigurationName = Release;
		};
		AFEB64F42336BEE4008B32AA /* Build configuration list for PBXNativeTarget "GymJamOne" */ = {
			isa = XCConfigurationList;
			buildConfigurations = (
				AFEB64F52336BEE4008B32AA /* Debug */,
				AFEB64F62336BEE4008B32AA /* Release */,
			);
			defaultConfigurationIsVisible = 0;
			defaultConfigurationName = Release;
		};
/* End XCConfigurationList section */
	};
	rootObject = AFEB64D82336BEE3008B32AA /* Project object */;
}
